
Microsoft Visual Studio Solution File, Format Version 12.00
# Visual Studio Version 17
VisualStudioVersion = 17.0.31919.166
MinimumVisualStudioVersion = 10.0.40219.1
Project("{9A19103F-16F7-4668-BE54-9A1E7A4F7556}") = "CustomerManagerApp.Backend", "CustomerManagerApp.Backend\CustomerManagerApp.Backend.csproj", "{D4B50B67-7269-45BE-8875-341D55624A9F}"
EndProject
Project("{9A19103F-16F7-4668-BE54-9A1E7A4F7556}") = "CustomerManagerApp.Test", "CustomerManagerApp.Test\CustomerManagerApp.Test.csproj", "{6E16EE47-04AD-4715-9444-FCFEB2290C56}"
EndProject
Project("{9A19103F-16F7-4668-BE54-9A1E7A4F7556}") = "CustomerManagerApp.WinUI", "CustomerMangaerApp.WinUI\CustomerManagerApp.WinUI.csproj", "{B9A79B40-7AC0-45F8-A00F-BA6F5DEA3F15}"
EndProject
Project("{9A19103F-16F7-4668-BE54-9A1E7A4F7556}") = "CustomerManagerApp.ViewModel", "CustomerManagerApp.ViewModel\CustomerManagerApp.ViewModel.csproj", "{22983EC3-A454-4AE0-80C7-68FF72155BB8}"
EndProject
Project("{2150E333-8FDC-42A3-9474-1A3956D46DE8}") = "Libraries", "Libraries", "{35AE03AF-5CC4-4037-904A-E9EF50C5FCAF}"
EndProject
Project("{FAE04EC0-301F-11D3-BF4B-00C04F79EFBC}") = "CustomerManagerApp.BlazorApp", "CustomerManagerApp.BlazorApp\CustomerManagerApp.BlazorApp.csproj", "{C7464586-4F50-4024-BA57-1756A2785E64}"
EndProject
Global
	GlobalSection(SolutionConfigurationPlatforms) = preSolution
		Debug|Any CPU = Debug|Any CPU
		Debug|ARM = Debug|ARM
		Debug|ARM64 = Debug|ARM64
		Debug|x64 = Debug|x64
		Debug|x86 = Debug|x86
		Release|Any CPU = Release|Any CPU
		Release|ARM = Release|ARM
		Release|ARM64 = Release|ARM64
		Release|x64 = Release|x64
		Release|x86 = Release|x86
	EndGlobalSection
	GlobalSection(ProjectConfigurationPlatforms) = postSolution
		{D4B50B67-7269-45BE-8875-341D55624A9F}.Debug|Any CPU.ActiveCfg = Debug|Any CPU
		{D4B50B67-7269-45BE-8875-341D55624A9F}.Debug|Any CPU.Build.0 = Debug|Any CPU
		{D4B50B67-7269-45BE-8875-341D55624A9F}.Debug|ARM.ActiveCfg = Debug|Any CPU
		{D4B50B67-7269-45BE-8875-341D55624A9F}.Debug|ARM.Build.0 = Debug|Any CPU
		{D4B50B67-7269-45BE-8875-341D55624A9F}.Debug|ARM64.ActiveCfg = Debug|Any CPU
		{D4B50B67-7269-45BE-8875-341D55624A9F}.Debug|ARM64.Build.0 = Debug|Any CPU
		{D4B50B67-7269-45BE-8875-341D55624A9F}.Debug|x64.ActiveCfg = Debug|Any CPU
		{D4B50B67-7269-45BE-8875-341D55624A9F}.Debug|x64.Build.0 = Debug|Any CPU
		{D4B50B67-7269-45BE-8875-341D55624A9F}.Debug|x86.ActiveCfg = Debug|Any CPU
		{D4B50B67-7269-45BE-8875-341D55624A9F}.Debug|x86.Build.0 = Debug|Any CPU
		{D4B50B67-7269-45BE-8875-341D55624A9F}.Release|Any CPU.ActiveCfg = Release|Any CPU
		{D4B50B67-7269-45BE-8875-341D55624A9F}.Release|Any CPU.Build.0 = Release|Any CPU
		{D4B50B67-7269-45BE-8875-341D55624A9F}.Release|ARM.ActiveCfg = Release|Any CPU
		{D4B50B67-7269-45BE-8875-341D55624A9F}.Release|ARM.Build.0 = Release|Any CPU
		{D4B50B67-7269-45BE-8875-341D55624A9F}.Release|ARM64.ActiveCfg = Release|Any CPU
		{D4B50B67-7269-45BE-8875-341D55624A9F}.Release|ARM64.Build.0 = Release|Any CPU
		{D4B50B67-7269-45BE-8875-341D55624A9F}.Release|x64.ActiveCfg = Release|Any CPU
		{D4B50B67-7269-45BE-8875-341D55624A9F}.Release|x64.Build.0 = Release|Any CPU
		{D4B50B67-7269-45BE-8875-341D55624A9F}.Release|x86.ActiveCfg = Release|Any CPU
		{D4B50B67-7269-45BE-8875-341D55624A9F}.Release|x86.Build.0 = Release|Any CPU
		{6E16EE47-04AD-4715-9444-FCFEB2290C56}.Debug|Any CPU.ActiveCfg = Debug|Any CPU
		{6E16EE47-04AD-4715-9444-FCFEB2290C56}.Debug|Any CPU.Build.0 = Debug|Any CPU
		{6E16EE47-04AD-4715-9444-FCFEB2290C56}.Debug|ARM.ActiveCfg = Debug|Any CPU
		{6E16EE47-04AD-4715-9444-FCFEB2290C56}.Debug|ARM.Build.0 = Debug|Any CPU
		{6E16EE47-04AD-4715-9444-FCFEB2290C56}.Debug|ARM64.ActiveCfg = Debug|Any CPU
		{6E16EE47-04AD-4715-9444-FCFEB2290C56}.Debug|ARM64.Build.0 = Debug|Any CPU
		{6E16EE47-04AD-4715-9444-FCFEB2290C56}.Debug|x64.ActiveCfg = Debug|Any CPU
		{6E16EE47-04AD-4715-9444-FCFEB2290C56}.Debug|x64.Build.0 = Debug|Any CPU
		{6E16EE47-04AD-4715-9444-FCFEB2290C56}.Debug|x86.ActiveCfg = Debug|Any CPU
		{6E16EE47-04AD-4715-9444-FCFEB2290C56}.Debug|x86.Build.0 = Debug|Any CPU
		{6E16EE47-04AD-4715-9444-FCFEB2290C56}.Release|Any CPU.ActiveCfg = Release|Any CPU
		{6E16EE47-04AD-4715-9444-FCFEB2290C56}.Release|Any CPU.Build.0 = Release|Any CPU
		{6E16EE47-04AD-4715-9444-FCFEB2290C56}.Release|ARM.ActiveCfg = Release|Any CPU
		{6E16EE47-04AD-4715-9444-FCFEB2290C56}.Release|ARM.Build.0 = Release|Any CPU
		{6E16EE47-04AD-4715-9444-FCFEB2290C56}.Release|ARM64.ActiveCfg = Release|Any CPU
		{6E16EE47-04AD-4715-9444-FCFEB2290C56}.Release|ARM64.Build.0 = Release|Any CPU
		{6E16EE47-04AD-4715-9444-FCFEB2290C56}.Release|x64.ActiveCfg = Release|Any CPU
		{6E16EE47-04AD-4715-9444-FCFEB2290C56}.Release|x64.Build.0 = Release|Any CPU
		{6E16EE47-04AD-4715-9444-FCFEB2290C56}.Release|x86.ActiveCfg = Release|Any CPU
		{6E16EE47-04AD-4715-9444-FCFEB2290C56}.Release|x86.Build.0 = Release|Any CPU
		{B9A79B40-7AC0-45F8-A00F-BA6F5DEA3F15}.Debug|Any CPU.ActiveCfg = Debug|x64
		{B9A79B40-7AC0-45F8-A00F-BA6F5DEA3F15}.Debug|Any CPU.Build.0 = Debug|x64
		{B9A79B40-7AC0-45F8-A00F-BA6F5DEA3F15}.Debug|Any CPU.Deploy.0 = Debug|x64
		{B9A79B40-7AC0-45F8-A00F-BA6F5DEA3F15}.Debug|ARM.ActiveCfg = Debug|x64
		{B9A79B40-7AC0-45F8-A00F-BA6F5DEA3F15}.Debug|ARM.Build.0 = Debug|x64
		{B9A79B40-7AC0-45F8-A00F-BA6F5DEA3F15}.Debug|ARM.Deploy.0 = Debug|x64
		{B9A79B40-7AC0-45F8-A00F-BA6F5DEA3F15}.Debug|ARM64.ActiveCfg = Debug|arm64
		{B9A79B40-7AC0-45F8-A00F-BA6F5DEA3F15}.Debug|ARM64.Build.0 = Debug|arm64
		{B9A79B40-7AC0-45F8-A00F-BA6F5DEA3F15}.Debug|ARM64.Deploy.0 = Debug|arm64
		{B9A79B40-7AC0-45F8-A00F-BA6F5DEA3F15}.Debug|x64.ActiveCfg = Debug|x64
		{B9A79B40-7AC0-45F8-A00F-BA6F5DEA3F15}.Debug|x64.Build.0 = Debug|x64
		{B9A79B40-7AC0-45F8-A00F-BA6F5DEA3F15}.Debug|x64.Deploy.0 = Debug|x64
		{B9A79B40-7AC0-45F8-A00F-BA6F5DEA3F15}.Debug|x86.ActiveCfg = Debug|x86
		{B9A79B40-7AC0-45F8-A00F-BA6F5DEA3F15}.Debug|x86.Build.0 = Debug|x86
		{B9A79B40-7AC0-45F8-A00F-BA6F5DEA3F15}.Debug|x86.Deploy.0 = Debug|x86
		{B9A79B40-7AC0-45F8-A00F-BA6F5DEA3F15}.Release|Any CPU.ActiveCfg = Release|x64
		{B9A79B40-7AC0-45F8-A00F-BA6F5DEA3F15}.Release|Any CPU.Build.0 = Release|x64
		{B9A79B40-7AC0-45F8-A00F-BA6F5DEA3F15}.Release|Any CPU.Deploy.0 = Release|x64
		{B9A79B40-7AC0-45F8-A00F-BA6F5DEA3F15}.Release|ARM.ActiveCfg = Release|x64
		{B9A79B40-7AC0-45F8-A00F-BA6F5DEA3F15}.Release|ARM.Build.0 = Release|x64
		{B9A79B40-7AC0-45F8-A00F-BA6F5DEA3F15}.Release|ARM.Deploy.0 = Release|x64
		{B9A79B40-7AC0-45F8-A00F-BA6F5DEA3F15}.Release|ARM64.ActiveCfg = Release|arm64
		{B9A79B40-7AC0-45F8-A00F-BA6F5DEA3F15}.Release|ARM64.Build.0 = Release|arm64
		{B9A79B40-7AC0-45F8-A00F-BA6F5DEA3F15}.Release|ARM64.Deploy.0 = Release|arm64
		{B9A79B40-7AC0-45F8-A00F-BA6F5DEA3F15}.Release|x64.ActiveCfg = Release|x64
		{B9A79B40-7AC0-45F8-A00F-BA6F5DEA3F15}.Release|x64.Build.0 = Release|x64
		{B9A79B40-7AC0-45F8-A00F-BA6F5DEA3F15}.Release|x64.Deploy.0 = Release|x64
		{B9A79B40-7AC0-45F8-A00F-BA6F5DEA3F15}.Release|x86.ActiveCfg = Release|x86
		{B9A79B40-7AC0-45F8-A00F-BA6F5DEA3F15}.Release|x86.Build.0 = Release|x86
		{B9A79B40-7AC0-45F8-A00F-BA6F5DEA3F15}.Release|x86.Deploy.0 = Release|x86
		{22983EC3-A454-4AE0-80C7-68FF72155BB8}.Debug|Any CPU.ActiveCfg = Debug|Any CPU
		{22983EC3-A454-4AE0-80C7-68FF72155BB8}.Debug|Any CPU.Build.0 = Debug|Any CPU
		{22983EC3-A454-4AE0-80C7-68FF72155BB8}.Debug|ARM.ActiveCfg = Debug|Any CPU
		{22983EC3-A454-4AE0-80C7-68FF72155BB8}.Debug|ARM.Build.0 = Debug|Any CPU
		{22983EC3-A454-4AE0-80C7-68FF72155BB8}.Debug|ARM64.ActiveCfg = Debug|Any CPU
		{22983EC3-A454-4AE0-80C7-68FF72155BB8}.Debug|ARM64.Build.0 = Debug|Any CPU
		{22983EC3-A454-4AE0-80C7-68FF72155BB8}.Debug|x64.ActiveCfg = Debug|Any CPU
		{22983EC3-A454-4AE0-80C7-68FF72155BB8}.Debug|x64.Build.0 = Debug|Any CPU
		{22983EC3-A454-4AE0-80C7-68FF72155BB8}.Debug|x86.ActiveCfg = Debug|Any CPU
		{22983EC3-A454-4AE0-80C7-68FF72155BB8}.Debug|x86.Build.0 = Debug|Any CPU
		{22983EC3-A454-4AE0-80C7-68FF72155BB8}.Release|Any CPU.ActiveCfg = Release|Any CPU
		{22983EC3-A454-4AE0-80C7-68FF72155BB8}.Release|Any CPU.Build.0 = Release|Any CPU
		{22983EC3-A454-4AE0-80C7-68FF72155BB8}.Release|ARM.ActiveCfg = Release|Any CPU
		{22983EC3-A454-4AE0-80C7-68FF72155BB8}.Release|ARM.Build.0 = Release|Any CPU
		{22983EC3-A454-4AE0-80C7-68FF72155BB8}.Release|ARM64.ActiveCfg = Release|Any CPU
		{22983EC3-A454-4AE0-80C7-68FF72155BB8}.Release|ARM64.Build.0 = Release|Any CPU
		{22983EC3-A454-4AE0-80C7-68FF72155BB8}.Release|x64.ActiveCfg = Release|Any CPU
		{22983EC3-A454-4AE0-80C7-68FF72155BB8}.Release|x64.Build.0 = Release|Any CPU
		{22983EC3-A454-4AE0-80C7-68FF72155BB8}.Release|x86.ActiveCfg = Release|Any CPU
		{22983EC3-A454-4AE0-80C7-68FF72155BB8}.Release|x86.Build.0 = Release|Any CPU
		{C7464586-4F50-4024-BA57-1756A2785E64}.Debug|Any CPU.ActiveCfg = Debug|Any CPU
		{C7464586-4F50-4024-BA57-1756A2785E64}.Debug|Any CPU.Build.0 = Debug|Any CPU
		{C7464586-4F50-4024-BA57-1756A2785E64}.Debug|ARM.ActiveCfg = Debug|Any CPU
		{C7464586-4F50-4024-BA57-1756A2785E64}.Debug|ARM.Build.0 = Debug|Any CPU
		{C7464586-4F50-4024-BA57-1756A2785E64}.Debug|ARM64.ActiveCfg = Debug|Any CPU
		{C7464586-4F50-4024-BA57-1756A2785E64}.Debug|ARM64.Build.0 = Debug|Any CPU
		{C7464586-4F50-4024-BA57-1756A2785E64}.Debug|x64.ActiveCfg = Debug|Any CPU
		{C7464586-4F50-4024-BA57-1756A2785E64}.Debug|x64.Build.0 = Debug|Any CPU
		{C7464586-4F50-4024-BA57-1756A2785E64}.Debug|x86.ActiveCfg = Debug|Any CPU
		{C7464586-4F50-4024-BA57-1756A2785E64}.Debug|x86.Build.0 = Debug|Any CPU
		{C7464586-4F50-4024-BA57-1756A2785E64}.Release|Any CPU.ActiveCfg = Release|Any CPU
		{C7464586-4F50-4024-BA57-1756A2785E64}.Release|Any CPU.Build.0 = Release|Any CPU
		{C7464586-4F50-4024-BA57-1756A2785E64}.Release|ARM.ActiveCfg = Release|Any CPU
		{C7464586-4F50-4024-BA57-1756A2785E64}.Release|ARM.Build.0 = Release|Any CPU
		{C7464586-4F50-4024-BA57-1756A2785E64}.Release|ARM64.ActiveCfg = Release|Any CPU
		{C7464586-4F50-4024-BA57-1756A2785E64}.Release|ARM64.Build.0 = Release|Any CPU
		{C7464586-4F50-4024-BA57-1756A2785E64}.Release|x64.ActiveCfg = Release|Any CPU
		{C7464586-4F50-4024-BA57-1756A2785E64}.Release|x64.Build.0 = Release|Any CPU
		{C7464586-4F50-4024-BA57-1756A2785E64}.Release|x86.ActiveCfg = Release|Any CPU
		{C7464586-4F50-4024-BA57-1756A2785E64}.Release|x86.Build.0 = Release|Any CPU
	EndGlobalSection
	GlobalSection(SolutionProperties) = preSolution
		HideSolutionNode = FALSE
	EndGlobalSection
	GlobalSection(NestedProjects) = preSolution
		{D4B50B67-7269-45BE-8875-341D55624A9F} = {35AE03AF-5CC4-4037-904A-E9EF50C5FCAF}
		{6E16EE47-04AD-4715-9444-FCFEB2290C56} = {35AE03AF-5CC4-4037-904A-E9EF50C5FCAF}
		{22983EC3-A454-4AE0-80C7-68FF72155BB8} = {35AE03AF-5CC4-4037-904A-E9EF50C5FCAF}
	EndGlobalSection
	GlobalSection(ExtensibilityGlobals) = postSolution
		SolutionGuid = {039F8F9B-2288-4607-A5B2-B6E7C8C773F2}
	EndGlobalSection
EndGlobal
